
Microsoft Visual Studio Solution File, Format Version 12.00
# Visual Studio Version 17
VisualStudioVersion = 17.9.34701.34
MinimumVisualStudioVersion = 10.0.40219.1
Project("{FAE04EC0-301F-11D3-BF4B-00C04F79EFBC}") = "CapitalReplacementTask", "CapitalReplacementTask\CapitalReplacementTask.csproj", "{B334A5E0-AFE6-402F-A52C-4044FE0752BA}"
EndProject
Project("{FAE04EC0-301F-11D3-BF4B-00C04F79EFBC}") = "CapitalPlacementAppTest", "CapitalPlacementAppTest\CapitalPlacementAppTest.csproj", "{4CBF5F70-4847-47E8-8E9C-37467CFAC74A}"
EndProject
Global
	GlobalSection(SolutionConfigurationPlatforms) = preSolution
		Debug|Any CPU = Debug|Any CPU
		Release|Any CPU = Release|Any CPU
	EndGlobalSection
	GlobalSection(ProjectConfigurationPlatforms) = postSolution
		{B334A5E0-AFE6-402F-A52C-4044FE0752BA}.Debug|Any CPU.ActiveCfg = Debug|Any CPU
		{B334A5E0-AFE6-402F-A52C-4044FE0752BA}.Debug|Any CPU.Build.0 = Debug|Any CPU
		{B334A5E0-AFE6-402F-A52C-4044FE0752BA}.Release|Any CPU.ActiveCfg = Release|Any CPU
		{B334A5E0-AFE6-402F-A52C-4044FE0752BA}.Release|Any CPU.Build.0 = Release|Any CPU
		{4CBF5F70-4847-47E8-8E9C-37467CFAC74A}.Debug|Any CPU.ActiveCfg = Debug|Any CPU
		{4CBF5F70-4847-47E8-8E9C-37467CFAC74A}.Debug|Any CPU.Build.0 = Debug|Any CPU
		{4CBF5F70-4847-47E8-8E9C-37467CFAC74A}.Release|Any CPU.ActiveCfg = Release|Any CPU
		{4CBF5F70-4847-47E8-8E9C-37467CFAC74A}.Release|Any CPU.Build.0 = Release|Any CPU
	EndGlobalSection
	GlobalSection(SolutionProperties) = preSolution
		HideSolutionNode = FALSE
	EndGlobalSection
	GlobalSection(ExtensibilityGlobals) = postSolution
		SolutionGuid = {0EFF776B-0164-4B96-89A5-0D911F50CF78}
	EndGlobalSection
EndGlobal
